
Microsoft Visual Studio Solution File, Format Version 12.00
# Visual Studio 15
VisualStudioVersion = 15.0.27004.2010
MinimumVisualStudioVersion = 10.0.40219.1
Project("{FAE04EC0-301F-11D3-BF4B-00C04F79EFBC}") = "2.5D", "2.5D\2.5D.csproj", "{D554F250-D1A5-456B-9174-63A64892FC46}"
EndProject
Global
	GlobalSection(SolutionConfigurationPlatforms) = preSolution
		Debug|Any CPU = Debug|Any CPU
		Release|Any CPU = Release|Any CPU
	EndGlobalSection
	GlobalSection(ProjectConfigurationPlatforms) = postSolution
		{D554F250-D1A5-456B-9174-63A64892FC46}.Debug|Any CPU.ActiveCfg = Debug|Any CPU
		{D554F250-D1A5-456B-9174-63A64892FC46}.Debug|Any CPU.Build.0 = Debug|Any CPU
		{D554F250-D1A5-456B-9174-63A64892FC46}.Release|Any CPU.ActiveCfg = Release|Any CPU
		{D554F250-D1A5-456B-9174-63A64892FC46}.Release|Any CPU.Build.0 = Release|Any CPU
	EndGlobalSection
	GlobalSection(SolutionProperties) = preSolution
		HideSolutionNode = FALSE
	EndGlobalSection
	GlobalSection(ExtensibilityGlobals) = postSolution
		SolutionGuid = {C1895174-1AF6-4B58-A6C5-B0266C7CE219}
	EndGlobalSection
EndGlobal
